
Microsoft Visual Studio Solution File, Format Version 12.00
Project("{FAE04EC0-301F-11D3-BF4B-00C04F79EFBC}") = "MaCad", "MaCad\MaCad.csproj", "{57174C12-5A0B-4823-ABA8-2BCF2F16AD29}"
EndProject
Project("{FAE04EC0-301F-11D3-BF4B-00C04F79EFBC}") = "MaCad.Test", "MaCad.Test\MaCad.Test.csproj", "{864DCF78-2343-49C5-9161-A20C3CD03123}"
EndProject
Global
	GlobalSection(SolutionConfigurationPlatforms) = preSolution
		Debug|Any CPU = Debug|Any CPU
		Release|Any CPU = Release|Any CPU
	EndGlobalSection
	GlobalSection(ProjectConfigurationPlatforms) = postSolution
		{57174C12-5A0B-4823-ABA8-2BCF2F16AD29}.Debug|Any CPU.ActiveCfg = Debug|Any CPU
		{57174C12-5A0B-4823-ABA8-2BCF2F16AD29}.Debug|Any CPU.Build.0 = Debug|Any CPU
		{57174C12-5A0B-4823-ABA8-2BCF2F16AD29}.Release|Any CPU.ActiveCfg = Release|Any CPU
		{57174C12-5A0B-4823-ABA8-2BCF2F16AD29}.Release|Any CPU.Build.0 = Release|Any CPU
		{864DCF78-2343-49C5-9161-A20C3CD03123}.Debug|Any CPU.ActiveCfg = Debug|Any CPU
		{864DCF78-2343-49C5-9161-A20C3CD03123}.Debug|Any CPU.Build.0 = Debug|Any CPU
		{864DCF78-2343-49C5-9161-A20C3CD03123}.Release|Any CPU.ActiveCfg = Release|Any CPU
		{864DCF78-2343-49C5-9161-A20C3CD03123}.Release|Any CPU.Build.0 = Release|Any CPU
	EndGlobalSection
EndGlobal
